
Microsoft Visual Studio Solution File, Format Version 12.00
# Visual Studio Version 17
VisualStudioVersion = 17.0.31903.59
MinimumVisualStudioVersion = 10.0.40219.1
Project("{2150E333-8FDC-42A3-9474-1A3956D46DE8}") = "src", "src", "{827E0CD3-B72D-47B6-A68D-7590B98EB39B}"
EndProject
Project("{FAE04EC0-301F-11D3-BF4B-00C04F79EFBC}") = "HomelabMapper.Core", "src\HomelabMapper.Core\HomelabMapper.Core.csproj", "{AA656FB5-BD13-4589-BDC2-3AA74DD83408}"
EndProject
Project("{FAE04EC0-301F-11D3-BF4B-00C04F79EFBC}") = "HomelabMapper.Discovery", "src\HomelabMapper.Discovery\HomelabMapper.Discovery.csproj", "{D63CC714-FAAC-4498-A8C5-8357675F1F6A}"
EndProject
Project("{FAE04EC0-301F-11D3-BF4B-00C04F79EFBC}") = "HomelabMapper.Detectors", "src\HomelabMapper.Detectors\HomelabMapper.Detectors.csproj", "{375073CB-1E82-430D-B278-FA843873C3CA}"
EndProject
Project("{FAE04EC0-301F-11D3-BF4B-00C04F79EFBC}") = "HomelabMapper.Integration", "src\HomelabMapper.Integration\HomelabMapper.Integration.csproj", "{A2F000A5-5191-4D07-AADC-ACBD556FDF94}"
EndProject
Project("{FAE04EC0-301F-11D3-BF4B-00C04F79EFBC}") = "HomelabMapper.Correlation", "src\HomelabMapper.Correlation\HomelabMapper.Correlation.csproj", "{9357A103-01D1-42FB-876F-2CE7F39D80D9}"
EndProject
Project("{FAE04EC0-301F-11D3-BF4B-00C04F79EFBC}") = "HomelabMapper.Reporting", "src\HomelabMapper.Reporting\HomelabMapper.Reporting.csproj", "{AF1BA90B-CB6D-4B3A-9206-C9C576FA2242}"
EndProject
Project("{FAE04EC0-301F-11D3-BF4B-00C04F79EFBC}") = "HomelabMapper.CLI", "src\HomelabMapper.CLI\HomelabMapper.CLI.csproj", "{7A46D2A0-6917-4B0D-A14D-A8A8AFE3D375}"
EndProject
Global
	GlobalSection(SolutionConfigurationPlatforms) = preSolution
		Debug|Any CPU = Debug|Any CPU
		Debug|x64 = Debug|x64
		Debug|x86 = Debug|x86
		Release|Any CPU = Release|Any CPU
		Release|x64 = Release|x64
		Release|x86 = Release|x86
	EndGlobalSection
	GlobalSection(ProjectConfigurationPlatforms) = postSolution
		{AA656FB5-BD13-4589-BDC2-3AA74DD83408}.Debug|Any CPU.ActiveCfg = Debug|Any CPU
		{AA656FB5-BD13-4589-BDC2-3AA74DD83408}.Debug|Any CPU.Build.0 = Debug|Any CPU
		{AA656FB5-BD13-4589-BDC2-3AA74DD83408}.Debug|x64.ActiveCfg = Debug|Any CPU
		{AA656FB5-BD13-4589-BDC2-3AA74DD83408}.Debug|x64.Build.0 = Debug|Any CPU
		{AA656FB5-BD13-4589-BDC2-3AA74DD83408}.Debug|x86.ActiveCfg = Debug|Any CPU
		{AA656FB5-BD13-4589-BDC2-3AA74DD83408}.Debug|x86.Build.0 = Debug|Any CPU
		{AA656FB5-BD13-4589-BDC2-3AA74DD83408}.Release|Any CPU.ActiveCfg = Release|Any CPU
		{AA656FB5-BD13-4589-BDC2-3AA74DD83408}.Release|Any CPU.Build.0 = Release|Any CPU
		{AA656FB5-BD13-4589-BDC2-3AA74DD83408}.Release|x64.ActiveCfg = Release|Any CPU
		{AA656FB5-BD13-4589-BDC2-3AA74DD83408}.Release|x64.Build.0 = Release|Any CPU
		{AA656FB5-BD13-4589-BDC2-3AA74DD83408}.Release|x86.ActiveCfg = Release|Any CPU
		{AA656FB5-BD13-4589-BDC2-3AA74DD83408}.Release|x86.Build.0 = Release|Any CPU
		{D63CC714-FAAC-4498-A8C5-8357675F1F6A}.Debug|Any CPU.ActiveCfg = Debug|Any CPU
		{D63CC714-FAAC-4498-A8C5-8357675F1F6A}.Debug|Any CPU.Build.0 = Debug|Any CPU
		{D63CC714-FAAC-4498-A8C5-8357675F1F6A}.Debug|x64.ActiveCfg = Debug|Any CPU
		{D63CC714-FAAC-4498-A8C5-8357675F1F6A}.Debug|x64.Build.0 = Debug|Any CPU
		{D63CC714-FAAC-4498-A8C5-8357675F1F6A}.Debug|x86.ActiveCfg = Debug|Any CPU
		{D63CC714-FAAC-4498-A8C5-8357675F1F6A}.Debug|x86.Build.0 = Debug|Any CPU
		{D63CC714-FAAC-4498-A8C5-8357675F1F6A}.Release|Any CPU.ActiveCfg = Release|Any CPU
		{D63CC714-FAAC-4498-A8C5-8357675F1F6A}.Release|Any CPU.Build.0 = Release|Any CPU
		{D63CC714-FAAC-4498-A8C5-8357675F1F6A}.Release|x64.ActiveCfg = Release|Any CPU
		{D63CC714-FAAC-4498-A8C5-8357675F1F6A}.Release|x64.Build.0 = Release|Any CPU
		{D63CC714-FAAC-4498-A8C5-8357675F1F6A}.Release|x86.ActiveCfg = Release|Any CPU
		{D63CC714-FAAC-4498-A8C5-8357675F1F6A}.Release|x86.Build.0 = Release|Any CPU
		{375073CB-1E82-430D-B278-FA843873C3CA}.Debug|Any CPU.ActiveCfg = Debug|Any CPU
		{375073CB-1E82-430D-B278-FA843873C3CA}.Debug|Any CPU.Build.0 = Debug|Any CPU
		{375073CB-1E82-430D-B278-FA843873C3CA}.Debug|x64.ActiveCfg = Debug|Any CPU
		{375073CB-1E82-430D-B278-FA843873C3CA}.Debug|x64.Build.0 = Debug|Any CPU
		{375073CB-1E82-430D-B278-FA843873C3CA}.Debug|x86.ActiveCfg = Debug|Any CPU
		{375073CB-1E82-430D-B278-FA843873C3CA}.Debug|x86.Build.0 = Debug|Any CPU
		{375073CB-1E82-430D-B278-FA843873C3CA}.Release|Any CPU.ActiveCfg = Release|Any CPU
		{375073CB-1E82-430D-B278-FA843873C3CA}.Release|Any CPU.Build.0 = Release|Any CPU
		{375073CB-1E82-430D-B278-FA843873C3CA}.Release|x64.ActiveCfg = Release|Any CPU
		{375073CB-1E82-430D-B278-FA843873C3CA}.Release|x64.Build.0 = Release|Any CPU
		{375073CB-1E82-430D-B278-FA843873C3CA}.Release|x86.ActiveCfg = Release|Any CPU
		{375073CB-1E82-430D-B278-FA843873C3CA}.Release|x86.Build.0 = Release|Any CPU
		{A2F000A5-5191-4D07-AADC-ACBD556FDF94}.Debug|Any CPU.ActiveCfg = Debug|Any CPU
		{A2F000A5-5191-4D07-AADC-ACBD556FDF94}.Debug|Any CPU.Build.0 = Debug|Any CPU
		{A2F000A5-5191-4D07-AADC-ACBD556FDF94}.Debug|x64.ActiveCfg = Debug|Any CPU
		{A2F000A5-5191-4D07-AADC-ACBD556FDF94}.Debug|x64.Build.0 = Debug|Any CPU
		{A2F000A5-5191-4D07-AADC-ACBD556FDF94}.Debug|x86.ActiveCfg = Debug|Any CPU
		{A2F000A5-5191-4D07-AADC-ACBD556FDF94}.Debug|x86.Build.0 = Debug|Any CPU
		{A2F000A5-5191-4D07-AADC-ACBD556FDF94}.Release|Any CPU.ActiveCfg = Release|Any CPU
		{A2F000A5-5191-4D07-AADC-ACBD556FDF94}.Release|Any CPU.Build.0 = Release|Any CPU
		{A2F000A5-5191-4D07-AADC-ACBD556FDF94}.Release|x64.ActiveCfg = Release|Any CPU
		{A2F000A5-5191-4D07-AADC-ACBD556FDF94}.Release|x64.Build.0 = Release|Any CPU
		{A2F000A5-5191-4D07-AADC-ACBD556FDF94}.Release|x86.ActiveCfg = Release|Any CPU
		{A2F000A5-5191-4D07-AADC-ACBD556FDF94}.Release|x86.Build.0 = Release|Any CPU
		{9357A103-01D1-42FB-876F-2CE7F39D80D9}.Debug|Any CPU.ActiveCfg = Debug|Any CPU
		{9357A103-01D1-42FB-876F-2CE7F39D80D9}.Debug|Any CPU.Build.0 = Debug|Any CPU
		{9357A103-01D1-42FB-876F-2CE7F39D80D9}.Debug|x64.ActiveCfg = Debug|Any CPU
		{9357A103-01D1-42FB-876F-2CE7F39D80D9}.Debug|x64.Build.0 = Debug|Any CPU
		{9357A103-01D1-42FB-876F-2CE7F39D80D9}.Debug|x86.ActiveCfg = Debug|Any CPU
		{9357A103-01D1-42FB-876F-2CE7F39D80D9}.Debug|x86.Build.0 = Debug|Any CPU
		{9357A103-01D1-42FB-876F-2CE7F39D80D9}.Release|Any CPU.ActiveCfg = Release|Any CPU
		{9357A103-01D1-42FB-876F-2CE7F39D80D9}.Release|Any CPU.Build.0 = Release|Any CPU
		{9357A103-01D1-42FB-876F-2CE7F39D80D9}.Release|x64.ActiveCfg = Release|Any CPU
		{9357A103-01D1-42FB-876F-2CE7F39D80D9}.Release|x64.Build.0 = Release|Any CPU
		{9357A103-01D1-42FB-876F-2CE7F39D80D9}.Release|x86.ActiveCfg = Release|Any CPU
		{9357A103-01D1-42FB-876F-2CE7F39D80D9}.Release|x86.Build.0 = Release|Any CPU
		{AF1BA90B-CB6D-4B3A-9206-C9C576FA2242}.Debug|Any CPU.ActiveCfg = Debug|Any CPU
		{AF1BA90B-CB6D-4B3A-9206-C9C576FA2242}.Debug|Any CPU.Build.0 = Debug|Any CPU
		{AF1BA90B-CB6D-4B3A-9206-C9C576FA2242}.Debug|x64.ActiveCfg = Debug|Any CPU
		{AF1BA90B-CB6D-4B3A-9206-C9C576FA2242}.Debug|x64.Build.0 = Debug|Any CPU
		{AF1BA90B-CB6D-4B3A-9206-C9C576FA2242}.Debug|x86.ActiveCfg = Debug|Any CPU
		{AF1BA90B-CB6D-4B3A-9206-C9C576FA2242}.Debug|x86.Build.0 = Debug|Any CPU
		{AF1BA90B-CB6D-4B3A-9206-C9C576FA2242}.Release|Any CPU.ActiveCfg = Release|Any CPU
		{AF1BA90B-CB6D-4B3A-9206-C9C576FA2242}.Release|Any CPU.Build.0 = Release|Any CPU
		{AF1BA90B-CB6D-4B3A-9206-C9C576FA2242}.Release|x64.ActiveCfg = Release|Any CPU
		{AF1BA90B-CB6D-4B3A-9206-C9C576FA2242}.Release|x64.Build.0 = Release|Any CPU
		{AF1BA90B-CB6D-4B3A-9206-C9C576FA2242}.Release|x86.ActiveCfg = Release|Any CPU
		{AF1BA90B-CB6D-4B3A-9206-C9C576FA2242}.Release|x86.Build.0 = Release|Any CPU
		{7A46D2A0-6917-4B0D-A14D-A8A8AFE3D375}.Debug|Any CPU.ActiveCfg = Debug|Any CPU
		{7A46D2A0-6917-4B0D-A14D-A8A8AFE3D375}.Debug|Any CPU.Build.0 = Debug|Any CPU
		{7A46D2A0-6917-4B0D-A14D-A8A8AFE3D375}.Debug|x64.ActiveCfg = Debug|Any CPU
		{7A46D2A0-6917-4B0D-A14D-A8A8AFE3D375}.Debug|x64.Build.0 = Debug|Any CPU
		{7A46D2A0-6917-4B0D-A14D-A8A8AFE3D375}.Debug|x86.ActiveCfg = Debug|Any CPU
		{7A46D2A0-6917-4B0D-A14D-A8A8AFE3D375}.Debug|x86.Build.0 = Debug|Any CPU
		{7A46D2A0-6917-4B0D-A14D-A8A8AFE3D375}.Release|Any CPU.ActiveCfg = Release|Any CPU
		{7A46D2A0-6917-4B0D-A14D-A8A8AFE3D375}.Release|Any CPU.Build.0 = Release|Any CPU
		{7A46D2A0-6917-4B0D-A14D-A8A8AFE3D375}.Release|x64.ActiveCfg = Release|Any CPU
		{7A46D2A0-6917-4B0D-A14D-A8A8AFE3D375}.Release|x64.Build.0 = Release|Any CPU
		{7A46D2A0-6917-4B0D-A14D-A8A8AFE3D375}.Release|x86.ActiveCfg = Release|Any CPU
		{7A46D2A0-6917-4B0D-A14D-A8A8AFE3D375}.Release|x86.Build.0 = Release|Any CPU
	EndGlobalSection
	GlobalSection(SolutionProperties) = preSolution
		HideSolutionNode = FALSE
	EndGlobalSection
	GlobalSection(NestedProjects) = preSolution
		{AA656FB5-BD13-4589-BDC2-3AA74DD83408} = {827E0CD3-B72D-47B6-A68D-7590B98EB39B}
		{D63CC714-FAAC-4498-A8C5-8357675F1F6A} = {827E0CD3-B72D-47B6-A68D-7590B98EB39B}
		{375073CB-1E82-430D-B278-FA843873C3CA} = {827E0CD3-B72D-47B6-A68D-7590B98EB39B}
		{A2F000A5-5191-4D07-AADC-ACBD556FDF94} = {827E0CD3-B72D-47B6-A68D-7590B98EB39B}
		{9357A103-01D1-42FB-876F-2CE7F39D80D9} = {827E0CD3-B72D-47B6-A68D-7590B98EB39B}
		{AF1BA90B-CB6D-4B3A-9206-C9C576FA2242} = {827E0CD3-B72D-47B6-A68D-7590B98EB39B}
		{7A46D2A0-6917-4B0D-A14D-A8A8AFE3D375} = {827E0CD3-B72D-47B6-A68D-7590B98EB39B}
	EndGlobalSection
EndGlobal
